
Microsoft Visual Studio Solution File, Format Version 12.00
# Visual Studio Version 17
VisualStudioVersion = 17.5.33424.131
MinimumVisualStudioVersion = 10.0.40219.1
Project("{8BC9CEB8-8B4A-11D0-8D11-00A0C91BC942}") = "operon18", "operon18.vcxproj", "{779932DF-CA23-46DD-B515-FB02FFAC6206}"
EndProject
Global
	GlobalSection(SolutionConfigurationPlatforms) = preSolution
		Debug|x64 = Debug|x64
		Debug|x86 = Debug|x86
		Release|x64 = Release|x64
		Release|x86 = Release|x86
	EndGlobalSection
	GlobalSection(ProjectConfigurationPlatforms) = postSolution
		{779932DF-CA23-46DD-B515-FB02FFAC6206}.Debug|x64.ActiveCfg = Debug|x64
		{779932DF-CA23-46DD-B515-FB02FFAC6206}.Debug|x64.Build.0 = Debug|x64
		{779932DF-CA23-46DD-B515-FB02FFAC6206}.Debug|x86.ActiveCfg = Debug|Win32
		{779932DF-CA23-46DD-B515-FB02FFAC6206}.Debug|x86.Build.0 = Debug|Win32
		{779932DF-CA23-46DD-B515-FB02FFAC6206}.Release|x64.ActiveCfg = Release|x64
		{779932DF-CA23-46DD-B515-FB02FFAC6206}.Release|x64.Build.0 = Release|x64
		{779932DF-CA23-46DD-B515-FB02FFAC6206}.Release|x86.ActiveCfg = Release|Win32
		{779932DF-CA23-46DD-B515-FB02FFAC6206}.Release|x86.Build.0 = Release|Win32
	EndGlobalSection
	GlobalSection(SolutionProperties) = preSolution
		HideSolutionNode = FALSE
	EndGlobalSection
	GlobalSection(ExtensibilityGlobals) = postSolution
		SolutionGuid = {1A57EFB9-1C4D-4240-8F97-D318913C6654}
	EndGlobalSection
EndGlobal
